
Microsoft Visual Studio Solution File, Format Version 12.00
# Visual Studio Version 16
VisualStudioVersion = 16.0.29728.190
MinimumVisualStudioVersion = 10.0.40219.1
Project("{FAE04EC0-301F-11D3-BF4B-00C04F79EFBC}") = "ScreenParser", "ScreenParser.csproj", "{C571B564-B896-4271-AF23-0431AF8337DB}"
EndProject
Global
	GlobalSection(SolutionConfigurationPlatforms) = preSolution
		Debug|Any CPU = Debug|Any CPU
		Release|Any CPU = Release|Any CPU
	EndGlobalSection
	GlobalSection(ProjectConfigurationPlatforms) = postSolution
		{C571B564-B896-4271-AF23-0431AF8337DB}.Debug|Any CPU.ActiveCfg = Debug|Any CPU
		{C571B564-B896-4271-AF23-0431AF8337DB}.Debug|Any CPU.Build.0 = Debug|Any CPU
		{C571B564-B896-4271-AF23-0431AF8337DB}.Release|Any CPU.ActiveCfg = Release|Any CPU
		{C571B564-B896-4271-AF23-0431AF8337DB}.Release|Any CPU.Build.0 = Release|Any CPU
	EndGlobalSection
	GlobalSection(SolutionProperties) = preSolution
		HideSolutionNode = FALSE
	EndGlobalSection
	GlobalSection(ExtensibilityGlobals) = postSolution
		SolutionGuid = {4909337E-3E7C-4FAF-8F7A-F55525FF781F}
	EndGlobalSection
EndGlobal
